
Microsoft Visual Studio Solution File, Format Version 12.00
# Visual Studio 15
VisualStudioVersion = 15.0.28307.960
MinimumVisualStudioVersion = 10.0.40219.1
Project("{FAE04EC0-301F-11D3-BF4B-00C04F79EFBC}") = "hbkpsvc", "hbkpsvc\hbkpsvc.csproj", "{677972BE-ED17-488E-A559-FED688CE332A}"
EndProject
Project("{54435603-DBB4-11D2-8724-00A0C9A8B90C}") = "Setup", "Setup\Setup.vdproj", "{D5AD3723-1E02-419F-8853-CF4B6B16DA7E}"
EndProject
Global
	GlobalSection(SolutionConfigurationPlatforms) = preSolution
		Debug|Any CPU = Debug|Any CPU
		Release|Any CPU = Release|Any CPU
	EndGlobalSection
	GlobalSection(ProjectConfigurationPlatforms) = postSolution
		{677972BE-ED17-488E-A559-FED688CE332A}.Debug|Any CPU.ActiveCfg = Debug|Any CPU
		{677972BE-ED17-488E-A559-FED688CE332A}.Debug|Any CPU.Build.0 = Debug|Any CPU
		{677972BE-ED17-488E-A559-FED688CE332A}.Release|Any CPU.ActiveCfg = Release|Any CPU
		{677972BE-ED17-488E-A559-FED688CE332A}.Release|Any CPU.Build.0 = Release|Any CPU
		{D5AD3723-1E02-419F-8853-CF4B6B16DA7E}.Debug|Any CPU.ActiveCfg = Debug
		{D5AD3723-1E02-419F-8853-CF4B6B16DA7E}.Release|Any CPU.ActiveCfg = Release
	EndGlobalSection
	GlobalSection(SolutionProperties) = preSolution
		HideSolutionNode = FALSE
	EndGlobalSection
	GlobalSection(ExtensibilityGlobals) = postSolution
		SolutionGuid = {15785EE8-58B2-46BF-89CA-8E5C8037B0C4}
	EndGlobalSection
EndGlobal
